
Microsoft Visual Studio Solution File, Format Version 12.00
# Visual Studio Version 16
VisualStudioVersion = 16.0.29806.167
MinimumVisualStudioVersion = 10.0.40219.1
Project("{9A19103F-16F7-4668-BE54-9A1E7A4F7556}") = "Presentation.PaymentApi", "src\Presentation.PaymentApi\Presentation.PaymentApi.csproj", "{2233FBC1-5E1F-4FAC-9EE8-D398FA1909D2}"
EndProject
Project("{9A19103F-16F7-4668-BE54-9A1E7A4F7556}") = "Persistence", "src\Persistence\Persistence.csproj", "{138C8769-8FDB-4AC8-AFE6-8EEA79D8B8DE}"
EndProject
Project("{9A19103F-16F7-4668-BE54-9A1E7A4F7556}") = "Persistence.InMemory", "src\Persistence.InMemory\Persistence.InMemory.csproj", "{4ECDDF35-0033-44BD-9904-E041228195D5}"
EndProject
Project("{9A19103F-16F7-4668-BE54-9A1E7A4F7556}") = "Application", "src\Application\Application.csproj", "{9BEB1B45-153D-4DEA-99DF-17535689CBB5}"
EndProject
Project("{9A19103F-16F7-4668-BE54-9A1E7A4F7556}") = "Domain", "src\Domain\Domain.csproj", "{2AF0CE01-B85C-4CBF-BB21-D8CCC0749984}"
EndProject
Project("{9A19103F-16F7-4668-BE54-9A1E7A4F7556}") = "Presentation.PaymentApi.Integration.Tests", "tests\Presentation.PaymentApi.Integration.Tests\Presentation.PaymentApi.Integration.Tests.csproj", "{3A5B2C09-11AC-42AB-BB16-37DA6AF28976}"
EndProject
Project("{9A19103F-16F7-4668-BE54-9A1E7A4F7556}") = "Infrastructure", "src\Infrastructure\Infrastructure.csproj", "{43324B65-C5AB-4DDC-9534-DD4C367C0FEB}"
EndProject
Project("{9A19103F-16F7-4668-BE54-9A1E7A4F7556}") = "TestUtils", "tests\TestUtils\TestUtils.csproj", "{AF70A511-F2EF-4949-A4C2-7FE3A33E2F49}"
EndProject
Project("{9A19103F-16F7-4668-BE54-9A1E7A4F7556}") = "Presentation.PaymentApi.Tests", "tests\Presentation.PaymentApi.Tests\Presentation.PaymentApi.Tests.csproj", "{3B3E7C7D-80F4-4479-840A-8592FF175FD5}"
EndProject
Project("{FAE04EC0-301F-11D3-BF4B-00C04F79EFBC}") = "Application.Tests", "tests\Application.Tests\Application.Tests.csproj", "{FD3B6911-303D-4889-907A-2A199439465C}"
EndProject
Global
	GlobalSection(SolutionConfigurationPlatforms) = preSolution
		Debug|Any CPU = Debug|Any CPU
		Release|Any CPU = Release|Any CPU
	EndGlobalSection
	GlobalSection(ProjectConfigurationPlatforms) = postSolution
		{2233FBC1-5E1F-4FAC-9EE8-D398FA1909D2}.Debug|Any CPU.ActiveCfg = Debug|Any CPU
		{2233FBC1-5E1F-4FAC-9EE8-D398FA1909D2}.Debug|Any CPU.Build.0 = Debug|Any CPU
		{2233FBC1-5E1F-4FAC-9EE8-D398FA1909D2}.Release|Any CPU.ActiveCfg = Release|Any CPU
		{2233FBC1-5E1F-4FAC-9EE8-D398FA1909D2}.Release|Any CPU.Build.0 = Release|Any CPU
		{138C8769-8FDB-4AC8-AFE6-8EEA79D8B8DE}.Debug|Any CPU.ActiveCfg = Debug|Any CPU
		{138C8769-8FDB-4AC8-AFE6-8EEA79D8B8DE}.Debug|Any CPU.Build.0 = Debug|Any CPU
		{138C8769-8FDB-4AC8-AFE6-8EEA79D8B8DE}.Release|Any CPU.ActiveCfg = Release|Any CPU
		{138C8769-8FDB-4AC8-AFE6-8EEA79D8B8DE}.Release|Any CPU.Build.0 = Release|Any CPU
		{4ECDDF35-0033-44BD-9904-E041228195D5}.Debug|Any CPU.ActiveCfg = Debug|Any CPU
		{4ECDDF35-0033-44BD-9904-E041228195D5}.Debug|Any CPU.Build.0 = Debug|Any CPU
		{4ECDDF35-0033-44BD-9904-E041228195D5}.Release|Any CPU.ActiveCfg = Release|Any CPU
		{4ECDDF35-0033-44BD-9904-E041228195D5}.Release|Any CPU.Build.0 = Release|Any CPU
		{9BEB1B45-153D-4DEA-99DF-17535689CBB5}.Debug|Any CPU.ActiveCfg = Debug|Any CPU
		{9BEB1B45-153D-4DEA-99DF-17535689CBB5}.Debug|Any CPU.Build.0 = Debug|Any CPU
		{9BEB1B45-153D-4DEA-99DF-17535689CBB5}.Release|Any CPU.ActiveCfg = Release|Any CPU
		{9BEB1B45-153D-4DEA-99DF-17535689CBB5}.Release|Any CPU.Build.0 = Release|Any CPU
		{2AF0CE01-B85C-4CBF-BB21-D8CCC0749984}.Debug|Any CPU.ActiveCfg = Debug|Any CPU
		{2AF0CE01-B85C-4CBF-BB21-D8CCC0749984}.Debug|Any CPU.Build.0 = Debug|Any CPU
		{2AF0CE01-B85C-4CBF-BB21-D8CCC0749984}.Release|Any CPU.ActiveCfg = Release|Any CPU
		{2AF0CE01-B85C-4CBF-BB21-D8CCC0749984}.Release|Any CPU.Build.0 = Release|Any CPU
		{3A5B2C09-11AC-42AB-BB16-37DA6AF28976}.Debug|Any CPU.ActiveCfg = Debug|Any CPU
		{3A5B2C09-11AC-42AB-BB16-37DA6AF28976}.Debug|Any CPU.Build.0 = Debug|Any CPU
		{3A5B2C09-11AC-42AB-BB16-37DA6AF28976}.Release|Any CPU.ActiveCfg = Release|Any CPU
		{3A5B2C09-11AC-42AB-BB16-37DA6AF28976}.Release|Any CPU.Build.0 = Release|Any CPU
		{43324B65-C5AB-4DDC-9534-DD4C367C0FEB}.Debug|Any CPU.ActiveCfg = Debug|Any CPU
		{43324B65-C5AB-4DDC-9534-DD4C367C0FEB}.Debug|Any CPU.Build.0 = Debug|Any CPU
		{43324B65-C5AB-4DDC-9534-DD4C367C0FEB}.Release|Any CPU.ActiveCfg = Release|Any CPU
		{43324B65-C5AB-4DDC-9534-DD4C367C0FEB}.Release|Any CPU.Build.0 = Release|Any CPU
		{AF70A511-F2EF-4949-A4C2-7FE3A33E2F49}.Debug|Any CPU.ActiveCfg = Debug|Any CPU
		{AF70A511-F2EF-4949-A4C2-7FE3A33E2F49}.Debug|Any CPU.Build.0 = Debug|Any CPU
		{AF70A511-F2EF-4949-A4C2-7FE3A33E2F49}.Release|Any CPU.ActiveCfg = Release|Any CPU
		{AF70A511-F2EF-4949-A4C2-7FE3A33E2F49}.Release|Any CPU.Build.0 = Release|Any CPU
		{3B3E7C7D-80F4-4479-840A-8592FF175FD5}.Debug|Any CPU.ActiveCfg = Debug|Any CPU
		{3B3E7C7D-80F4-4479-840A-8592FF175FD5}.Debug|Any CPU.Build.0 = Debug|Any CPU
		{3B3E7C7D-80F4-4479-840A-8592FF175FD5}.Release|Any CPU.ActiveCfg = Release|Any CPU
		{3B3E7C7D-80F4-4479-840A-8592FF175FD5}.Release|Any CPU.Build.0 = Release|Any CPU
		{FD3B6911-303D-4889-907A-2A199439465C}.Debug|Any CPU.ActiveCfg = Debug|Any CPU
		{FD3B6911-303D-4889-907A-2A199439465C}.Debug|Any CPU.Build.0 = Debug|Any CPU
		{FD3B6911-303D-4889-907A-2A199439465C}.Release|Any CPU.ActiveCfg = Release|Any CPU
		{FD3B6911-303D-4889-907A-2A199439465C}.Release|Any CPU.Build.0 = Release|Any CPU
	EndGlobalSection
	GlobalSection(SolutionProperties) = preSolution
		HideSolutionNode = FALSE
	EndGlobalSection
	GlobalSection(ExtensibilityGlobals) = postSolution
		SolutionGuid = {7747AD9F-5567-4E98-BBF1-3EF1E33DDAF1}
	EndGlobalSection
EndGlobal
